
Microsoft Visual Studio Solution File, Format Version 12.00
# Visual Studio Version 17
VisualStudioVersion = 17.12.35728.132
MinimumVisualStudioVersion = 10.0.40219.1
Project("{FAE04EC0-301F-11D3-BF4B-00C04F79EFBC}") = "AddressBookApp", "AddressBookApp\AddressBookApp.csproj", "{649EFFB0-6AED-4677-9531-A0885D88EE3A}"
EndProject
Project("{FAE04EC0-301F-11D3-BF4B-00C04F79EFBC}") = "BusinessLayer", "BusinessLayer\BusinessLayer.csproj", "{34884B87-528A-43DE-81FE-2E4113484386}"
EndProject
Project("{FAE04EC0-301F-11D3-BF4B-00C04F79EFBC}") = "RepositoryLayer", "RepositoryLayer\RepositoryLayer.csproj", "{4FD1FFA1-3425-4969-9D94-D9A183AD5FCA}"
EndProject
Project("{FAE04EC0-301F-11D3-BF4B-00C04F79EFBC}") = "ModelLayer", "ModelLayer\ModelLayer.csproj", "{A9D75D38-D791-4DFC-87AC-0194E58A7357}"
EndProject
Global
	GlobalSection(SolutionConfigurationPlatforms) = preSolution
		Debug|Any CPU = Debug|Any CPU
		Release|Any CPU = Release|Any CPU
	EndGlobalSection
	GlobalSection(ProjectConfigurationPlatforms) = postSolution
		{649EFFB0-6AED-4677-9531-A0885D88EE3A}.Debug|Any CPU.ActiveCfg = Debug|Any CPU
		{649EFFB0-6AED-4677-9531-A0885D88EE3A}.Debug|Any CPU.Build.0 = Debug|Any CPU
		{649EFFB0-6AED-4677-9531-A0885D88EE3A}.Release|Any CPU.ActiveCfg = Release|Any CPU
		{649EFFB0-6AED-4677-9531-A0885D88EE3A}.Release|Any CPU.Build.0 = Release|Any CPU
		{34884B87-528A-43DE-81FE-2E4113484386}.Debug|Any CPU.ActiveCfg = Debug|Any CPU
		{34884B87-528A-43DE-81FE-2E4113484386}.Debug|Any CPU.Build.0 = Debug|Any CPU
		{34884B87-528A-43DE-81FE-2E4113484386}.Release|Any CPU.ActiveCfg = Release|Any CPU
		{34884B87-528A-43DE-81FE-2E4113484386}.Release|Any CPU.Build.0 = Release|Any CPU
		{4FD1FFA1-3425-4969-9D94-D9A183AD5FCA}.Debug|Any CPU.ActiveCfg = Debug|Any CPU
		{4FD1FFA1-3425-4969-9D94-D9A183AD5FCA}.Debug|Any CPU.Build.0 = Debug|Any CPU
		{4FD1FFA1-3425-4969-9D94-D9A183AD5FCA}.Release|Any CPU.ActiveCfg = Release|Any CPU
		{4FD1FFA1-3425-4969-9D94-D9A183AD5FCA}.Release|Any CPU.Build.0 = Release|Any CPU
		{A9D75D38-D791-4DFC-87AC-0194E58A7357}.Debug|Any CPU.ActiveCfg = Debug|Any CPU
		{A9D75D38-D791-4DFC-87AC-0194E58A7357}.Debug|Any CPU.Build.0 = Debug|Any CPU
		{A9D75D38-D791-4DFC-87AC-0194E58A7357}.Release|Any CPU.ActiveCfg = Release|Any CPU
		{A9D75D38-D791-4DFC-87AC-0194E58A7357}.Release|Any CPU.Build.0 = Release|Any CPU
	EndGlobalSection
	GlobalSection(SolutionProperties) = preSolution
		HideSolutionNode = FALSE
	EndGlobalSection
EndGlobal
